// !$*UTF8*$!
{
	archiveVersion = 1;
	classes = {
	};
	objectVersion = 55;
	objects = {

/* Begin PBXBuildFile section */
		877EA89E27DE2A7100E17E03 /* AppDelegate.swift in Sources */ = {isa = PBXBuildFile; fileRef = 877EA89D27DE2A7100E17E03 /* AppDelegate.swift */; };
		877EA8A027DE2A7100E17E03 /* SceneDelegate.swift in Sources */ = {isa = PBXBuildFile; fileRef = 877EA89F27DE2A7100E17E03 /* SceneDelegate.swift */; };
		877EA8A527DE2A7100E17E03 /* Main.storyboard in Resources */ = {isa = PBXBuildFile; fileRef = 877EA8A327DE2A7100E17E03 /* Main.storyboard */; };
		877EA8A727DE2A7200E17E03 /* Assets.xcassets in Resources */ = {isa = PBXBuildFile; fileRef = 877EA8A627DE2A7200E17E03 /* Assets.xcassets */; };
		877EA8AA27DE2A7200E17E03 /* LaunchScreen.storyboard in Resources */ = {isa = PBXBuildFile; fileRef = 877EA8A827DE2A7200E17E03 /* LaunchScreen.storyboard */; };
		877EA8BB27DE2B6000E17E03 /* CalculatorViewController.swift in Sources */ = {isa = PBXBuildFile; fileRef = 877EA8BA27DE2B6000E17E03 /* CalculatorViewController.swift */; };
		877EA8BD27DE2BBF00E17E03 /* CalculatorPresenter.swift in Sources */ = {isa = PBXBuildFile; fileRef = 877EA8BC27DE2BBF00E17E03 /* CalculatorPresenter.swift */; };
		877EA8BF27DE38B600E17E03 /* CalculatorOperationType.swift in Sources */ = {isa = PBXBuildFile; fileRef = 877EA8BE27DE38B600E17E03 /* CalculatorOperationType.swift */; };
/* End PBXBuildFile section */

/* Begin PBXFileReference section */
		877EA89A27DE2A7100E17E03 /* CalculatorIOS.app */ = {isa = PBXFileReference; explicitFileType = wrapper.application; includeInIndex = 0; path = CalculatorIOS.app; sourceTree = BUILT_PRODUCTS_DIR; };
		877EA89D27DE2A7100E17E03 /* AppDelegate.swift */ = {isa = PBXFileReference; lastKnownFileType = sourcecode.swift; path = AppDelegate.swift; sourceTree = "<group>"; };
		877EA89F27DE2A7100E17E03 /* SceneDelegate.swift */ = {isa = PBXFileReference; lastKnownFileType = sourcecode.swift; path = SceneDelegate.swift; sourceTree = "<group>"; };
		877EA8A427DE2A7100E17E03 /* Base */ = {isa = PBXFileReference; lastKnownFileType = file.storyboard; name = Base; path = Base.lproj/Main.storyboard; sourceTree = "<group>"; };
		877EA8A627DE2A7200E17E03 /* Assets.xcassets */ = {isa = PBXFileReference; lastKnownFileType = folder.assetcatalog; path = Assets.xcassets; sourceTree = "<group>"; };
		877EA8A927DE2A7200E17E03 /* Base */ = {isa = PBXFileReference; lastKnownFileType = file.storyboard; name = Base; path = Base.lproj/LaunchScreen.storyboard; sourceTree = "<group>"; };
		877EA8AB27DE2A7200E17E03 /* Info.plist */ = {isa = PBXFileReference; lastKnownFileType = text.plist.xml; path = Info.plist; sourceTree = "<group>"; };
		877EA8BA27DE2B6000E17E03 /* CalculatorViewController.swift */ = {isa = PBXFileReference; lastKnownFileType = sourcecode.swift; path = CalculatorViewController.swift; sourceTree = "<group>"; };
		877EA8BC27DE2BBF00E17E03 /* CalculatorPresenter.swift */ = {isa = PBXFileReference; lastKnownFileType = sourcecode.swift; path = CalculatorPresenter.swift; sourceTree = "<group>"; };
		877EA8BE27DE38B600E17E03 /* CalculatorOperationType.swift */ = {isa = PBXFileReference; lastKnownFileType = sourcecode.swift; path = CalculatorOperationType.swift; sourceTree = "<group>"; };
/* End PBXFileReference section */

/* Begin PBXFrameworksBuildPhase section */
		877EA89727DE2A7100E17E03 /* Frameworks */ = {
			isa = PBXFrameworksBuildPhase;
			buildActionMask = 2147483647;
			files = (
			);
			runOnlyForDeploymentPostprocessing = 0;
		};
/* End PBXFrameworksBuildPhase section */

/* Begin PBXGroup section */
		877EA89127DE2A7100E17E03 = {
			isa = PBXGroup;
			children = (
				877EA89C27DE2A7100E17E03 /* CalculatorIOS */,
				877EA89B27DE2A7100E17E03 /* Products */,
			);
			sourceTree = "<group>";
		};
		877EA89B27DE2A7100E17E03 /* Products */ = {
			isa = PBXGroup;
			children = (
				877EA89A27DE2A7100E17E03 /* CalculatorIOS.app */,
			);
			name = Products;
			sourceTree = "<group>";
		};
		877EA89C27DE2A7100E17E03 /* CalculatorIOS */ = {
			isa = PBXGroup;
			children = (
				877EA8B327DE2AB300E17E03 /* Storyboards */,
				877EA8B227DE2A9D00E17E03 /* Main */,
				877EA8B127DE2A9600E17E03 /* App */,
				877EA8A627DE2A7200E17E03 /* Assets.xcassets */,
				877EA8AB27DE2A7200E17E03 /* Info.plist */,
			);
			path = CalculatorIOS;
			sourceTree = "<group>";
		};
		877EA8B127DE2A9600E17E03 /* App */ = {
			isa = PBXGroup;
			children = (
				877EA89D27DE2A7100E17E03 /* AppDelegate.swift */,
				877EA89F27DE2A7100E17E03 /* SceneDelegate.swift */,
			);
			path = App;
			sourceTree = "<group>";
		};
		877EA8B227DE2A9D00E17E03 /* Main */ = {
			isa = PBXGroup;
			children = (
				877EA8B427DE2ABD00E17E03 /* Calculator */,
			);
			path = Main;
			sourceTree = "<group>";
		};
		877EA8B327DE2AB300E17E03 /* Storyboards */ = {
			isa = PBXGroup;
			children = (
				877EA8A327DE2A7100E17E03 /* Main.storyboard */,
				877EA8A827DE2A7200E17E03 /* LaunchScreen.storyboard */,
			);
			path = Storyboards;
			sourceTree = "<group>";
		};
		877EA8B427DE2ABD00E17E03 /* Calculator */ = {
			isa = PBXGroup;
			children = (
				877EA8B727DE2ACE00E17E03 /* Model */,
				877EA8B627DE2AC900E17E03 /* Presenter */,
				877EA8B527DE2AC300E17E03 /* ViewController */,
			);
			path = Calculator;
			sourceTree = "<group>";
		};
		877EA8B527DE2AC300E17E03 /* ViewController */ = {
			isa = PBXGroup;
			children = (
				877EA8BA27DE2B6000E17E03 /* CalculatorViewController.swift */,
			);
			path = ViewController;
			sourceTree = "<group>";
		};
		877EA8B627DE2AC900E17E03 /* Presenter */ = {
			isa = PBXGroup;
			children = (
				877EA8BC27DE2BBF00E17E03 /* CalculatorPresenter.swift */,
			);
			path = Presenter;
			sourceTree = "<group>";
		};
		877EA8B727DE2ACE00E17E03 /* Model */ = {
			isa = PBXGroup;
			children = (
				877EA8BE27DE38B600E17E03 /* CalculatorOperationType.swift */,
			);
			path = Model;
			sourceTree = "<group>";
		};
/* End PBXGroup section */

/* Begin PBXNativeTarget section */
		877EA89927DE2A7100E17E03 /* CalculatorIOS */ = {
			isa = PBXNativeTarget;
			buildConfigurationList = 877EA8AE27DE2A7200E17E03 /* Build configuration list for PBXNativeTarget "CalculatorIOS" */;
			buildPhases = (
				877EA89627DE2A7100E17E03 /* Sources */,
				877EA89727DE2A7100E17E03 /* Frameworks */,
				877EA89827DE2A7100E17E03 /* Resources */,
			);
			buildRules = (
			);
			dependencies = (
			);
			name = CalculatorIOS;
			productName = CalculatorIOS;
			productReference = 877EA89A27DE2A7100E17E03 /* CalculatorIOS.app */;
			productType = "com.apple.product-type.application";
		};
/* End PBXNativeTarget section */

/* Begin PBXProject section */
		877EA89227DE2A7100E17E03 /* Project object */ = {
			isa = PBXProject;
			attributes = {
				BuildIndependentTargetsInParallel = 1;
				LastSwiftUpdateCheck = 1310;
				LastUpgradeCheck = 1310;
				TargetAttributes = {
					877EA89927DE2A7100E17E03 = {
						CreatedOnToolsVersion = 13.1;
					};
				};
			};
			buildConfigurationList = 877EA89527DE2A7100E17E03 /* Build configuration list for PBXProject "CalculatorIOS" */;
			compatibilityVersion = "Xcode 13.0";
			developmentRegion = en;
			hasScannedForEncodings = 0;
			knownRegions = (
				en,
				Base,
			);
			mainGroup = 877EA89127DE2A7100E17E03;
			productRefGroup = 877EA89B27DE2A7100E17E03 /* Products */;
			projectDirPath = "";
			projectRoot = "";
			targets = (
				877EA89927DE2A7100E17E03 /* CalculatorIOS */,
			);
		};
/* End PBXProject section */

/* Begin PBXResourcesBuildPhase section */
		877EA89827DE2A7100E17E03 /* Resources */ = {
			isa = PBXResourcesBuildPhase;
			buildActionMask = 2147483647;
			files = (
				877EA8AA27DE2A7200E17E03 /* LaunchScreen.storyboard in Resources */,
				877EA8A727DE2A7200E17E03 /* Assets.xcassets in Resources */,
				877EA8A527DE2A7100E17E03 /* Main.storyboard in Resources */,
			);
			runOnlyForDeploymentPostprocessing = 0;
		};
/* End PBXResourcesBuildPhase section */

/* Begin PBXSourcesBuildPhase section */
		877EA89627DE2A7100E17E03 /* Sources */ = {
			isa = PBXSourcesBuildPhase;
			buildActionMask = 2147483647;
			files = (
				877EA89E27DE2A7100E17E03 /* AppDelegate.swift in Sources */,
				877EA8BB27DE2B6000E17E03 /* CalculatorViewController.swift in Sources */,
				877EA8BD27DE2BBF00E17E03 /* CalculatorPresenter.swift in Sources */,
				877EA8BF27DE38B600E17E03 /* CalculatorOperationType.swift in Sources */,
				877EA8A027DE2A7100E17E03 /* SceneDelegate.swift in Sources */,
			);
			runOnlyForDeploymentPostprocessing = 0;
		};
/* End PBXSourcesBuildPhase section */

/* Begin PBXVariantGroup section */
		877EA8A327DE2A7100E17E03 /* Main.storyboard */ = {
			isa = PBXVariantGroup;
			children = (
				877EA8A427DE2A7100E17E03 /* Base */,
			);
			name = Main.storyboard;
			sourceTree = "<group>";
		};
		877EA8A827DE2A7200E17E03 /* LaunchScreen.storyboard */ = {
			isa = PBXVariantGroup;
			children = (
				877EA8A927DE2A7200E17E03 /* Base */,
			);
			name = LaunchScreen.storyboard;
			sourceTree = "<group>";
		};
/* End PBXVariantGroup section */

/* Begin XCBuildConfiguration section */
		877EA8AC27DE2A7200E17E03 /* Debug */ = {
			isa = XCBuildConfiguration;
			buildSettings = {
				ALWAYS_SEARCH_USER_PATHS = NO;
				CLANG_ANALYZER_NONNULL = YES;
				CLANG_ANALYZER_NUMBER_OBJECT_CONVERSION = YES_AGGRESSIVE;
				CLANG_CXX_LANGUAGE_STANDARD = "gnu++17";
				CLANG_CXX_LIBRARY = "libc++";
				CLANG_ENABLE_MODULES = YES;
				CLANG_ENABLE_OBJC_ARC = YES;
				CLANG_ENABLE_OBJC_WEAK = YES;
				CLANG_WARN_BLOCK_CAPTURE_AUTORELEASING = YES;
				CLANG_WARN_BOOL_CONVERSION = YES;
				CLANG_WARN_COMMA = YES;
				CLANG_WARN_CONSTANT_CONVERSION = YES;
				CLANG_WARN_DEPRECATED_OBJC_IMPLEMENTATIONS = YES;
				CLANG_WARN_DIRECT_OBJC_ISA_USAGE = YES_ERROR;
				CLANG_WARN_DOCUMENTATION_COMMENTS = YES;
				CLANG_WARN_EMPTY_BODY = YES;
				CLANG_WARN_ENUM_CONVERSION = YES;
				CLANG_WARN_INFINITE_RECURSION = YES;
				CLANG_WARN_INT_CONVERSION = YES;
				CLANG_WARN_NON_LITERAL_NULL_CONVERSION = YES;
				CLANG_WARN_OBJC_IMPLICIT_RETAIN_SELF = YES;
				CLANG_WARN_OBJC_LITERAL_CONVERSION = YES;
				CLANG_WARN_OBJC_ROOT_CLASS = YES_ERROR;
				CLANG_WARN_QUOTED_INCLUDE_IN_FRAMEWORK_HEADER = YES;
				CLANG_WARN_RANGE_LOOP_ANALYSIS = YES;
				CLANG_WARN_STRICT_PROTOTYPES = YES;
				CLANG_WARN_SUSPICIOUS_MOVE = YES;
				CLANG_WARN_UNGUARDED_AVAILABILITY = YES_AGGRESSIVE;
				CLANG_WARN_UNREACHABLE_CODE = YES;
				CLANG_WARN__DUPLICATE_METHOD_MATCH = YES;
				COPY_PHASE_STRIP = NO;
				DEBUG_INFORMATION_FORMAT = dwarf;
				ENABLE_STRICT_OBJC_MSGSEND = YES;
				ENABLE_TESTABILITY = YES;
				GCC_C_LANGUAGE_STANDARD = gnu11;
				GCC_DYNAMIC_NO_PIC = NO;
				GCC_NO_COMMON_BLOCKS = YES;
				GCC_OPTIMIZATION_LEVEL = 0;
				GCC_PREPROCESSOR_DEFINITIONS = (
					"DEBUG=1",
					"$(inherited)",
				);
				GCC_WARN_64_TO_32_BIT_CONVERSION = YES;
				GCC_WARN_ABOUT_RETURN_TYPE = YES_ERROR;
				GCC_WARN_UNDECLARED_SELECTOR = YES;
				GCC_WARN_UNINITIALIZED_AUTOS = YES_AGGRESSIVE;
				GCC_WARN_UNUSED_FUNCTION = YES;
				GCC_WARN_UNUSED_VARIABLE = YES;
				IPHONEOS_DEPLOYMENT_TARGET = 15.0;
				MTL_ENABLE_DEBUG_INFO = INCLUDE_SOURCE;
				MTL_FAST_MATH = YES;
				ONLY_ACTIVE_ARCH = YES;
				SDKROOT = iphoneos;
				SWIFT_ACTIVE_COMPILATION_CONDITIONS = DEBUG;
				SWIFT_OPTIMIZATION_LEVEL = "-Onone";
			};
			name = Debug;
		};
		877EA8AD27DE2A7200E17E03 /* Release */ = {
			isa = XCBuildConfiguration;
			buildSettings = {
				ALWAYS_SEARCH_USER_PATHS = NO;
				CLANG_ANALYZER_NONNULL = YES;
				CLANG_ANALYZER_NUMBER_OBJECT_CONVERSION = YES_AGGRESSIVE;
				CLANG_CXX_LANGUAGE_STANDARD = "gnu++17";
				CLANG_CXX_LIBRARY = "libc++";
				CLANG_ENABLE_MODULES = YES;
				CLANG_ENABLE_OBJC_ARC = YES;
				CLANG_ENABLE_OBJC_WEAK = YES;
				CLANG_WARN_BLOCK_CAPTURE_AUTORELEASING = YES;
				CLANG_WARN_BOOL_CONVERSION = YES;
				CLANG_WARN_COMMA = YES;
				CLANG_WARN_CONSTANT_CONVERSION = YES;
				CLANG_WARN_DEPRECATED_OBJC_IMPLEMENTATIONS = YES;
				CLANG_WARN_DIRECT_OBJC_ISA_USAGE = YES_ERROR;
				CLANG_WARN_DOCUMENTATION_COMMENTS = YES;
				CLANG_WARN_EMPTY_BODY = YES;
				CLANG_WARN_ENUM_CONVERSION = YES;
				CLANG_WARN_INFINITE_RECURSION = YES;
				CLANG_WARN_INT_CONVERSION = YES;
				CLANG_WARN_NON_LITERAL_NULL_CONVERSION = YES;
				CLANG_WARN_OBJC_IMPLICIT_RETAIN_SELF = YES;
				CLANG_WARN_OBJC_LITERAL_CONVERSION = YES;
				CLANG_WARN_OBJC_ROOT_CLASS = YES_ERROR;
				CLANG_WARN_QUOTED_INCLUDE_IN_FRAMEWORK_HEADER = YES;
				CLANG_WARN_RANGE_LOOP_ANALYSIS = YES;
				CLANG_WARN_STRICT_PROTOTYPES = YES;
				CLANG_WARN_SUSPICIOUS_MOVE = YES;
				CLANG_WARN_UNGUARDED_AVAILABILITY = YES_AGGRESSIVE;
				CLANG_WARN_UNREACHABLE_CODE = YES;
				CLANG_WARN__DUPLICATE_METHOD_MATCH = YES;
				COPY_PHASE_STRIP = NO;
				DEBUG_INFORMATION_FORMAT = "dwarf-with-dsym";
				ENABLE_NS_ASSERTIONS = NO;
				ENABLE_STRICT_OBJC_MSGSEND = YES;
				GCC_C_LANGUAGE_STANDARD = gnu11;
				GCC_NO_COMMON_BLOCKS = YES;
				GCC_WARN_64_TO_32_BIT_CONVERSION = YES;
				GCC_WARN_ABOUT_RETURN_TYPE = YES_ERROR;
				GCC_WARN_UNDECLARED_SELECTOR = YES;
				GCC_WARN_UNINITIALIZED_AUTOS = YES_AGGRESSIVE;
				GCC_WARN_UNUSED_FUNCTION = YES;
				GCC_WARN_UNUSED_VARIABLE = YES;
				IPHONEOS_DEPLOYMENT_TARGET = 15.0;
				MTL_ENABLE_DEBUG_INFO = NO;
				MTL_FAST_MATH = YES;
				SDKROOT = iphoneos;
				SWIFT_COMPILATION_MODE = wholemodule;
				SWIFT_OPTIMIZATION_LEVEL = "-O";
				VALIDATE_PRODUCT = YES;
			};
			name = Release;
		};
		877EA8AF27DE2A7200E17E03 /* Debug */ = {
			isa = XCBuildConfiguration;
			buildSettings = {
				ASSETCATALOG_COMPILER_APPICON_NAME = AppIcon;
				ASSETCATALOG_COMPILER_GLOBAL_ACCENT_COLOR_NAME = AccentColor;
				CODE_SIGN_STYLE = Automatic;
				CURRENT_PROJECT_VERSION = 1;
				DEVELOPMENT_TEAM = K67HB4JC66;
				GENERATE_INFOPLIST_FILE = YES;
				INFOPLIST_FILE = CalculatorIOS/Info.plist;
				INFOPLIST_KEY_UIApplicationSupportsIndirectInputEvents = YES;
				INFOPLIST_KEY_UILaunchStoryboardName = LaunchScreen;
				INFOPLIST_KEY_UIMainStoryboardFile = Main;
				INFOPLIST_KEY_UISupportedInterfaceOrientations_iPad = "UIInterfaceOrientationPortrait UIInterfaceOrientationPortraitUpsideDown UIInterfaceOrientationLandscapeLeft UIInterfaceOrientationLandscapeRight";
				INFOPLIST_KEY_UISupportedInterfaceOrientations_iPhone = "UIInterfaceOrientationPortrait UIInterfaceOrientationLandscapeLeft UIInterfaceOrientationLandscapeRight";
				LD_RUNPATH_SEARCH_PATHS = (
					"$(inherited)",
					"@executable_path/Frameworks",
				);
				MARKETING_VERSION = 1.0;
				PRODUCT_BUNDLE_IDENTIFIER = Yerassyl.CalculatorIOS;
				PRODUCT_NAME = "$(TARGET_NAME)";
				SWIFT_EMIT_LOC_STRINGS = YES;
				SWIFT_VERSION = 5.0;
				TARGETED_DEVICE_FAMILY = "1,2";
			};
			name = Debug;
		};
		877EA8B027DE2A7200E17E03 /* Release */ = {
			isa = XCBuildConfiguration;
			buildSettings = {
				ASSETCATALOG_COMPILER_APPICON_NAME = AppIcon;
				ASSETCATALOG_COMPILER_GLOBAL_ACCENT_COLOR_NAME = AccentColor;
				CODE_SIGN_STYLE = Automatic;
				CURRENT_PROJECT_VERSION = 1;
				DEVELOPMENT_TEAM = K67HB4JC66;
				GENERATE_INFOPLIST_FILE = YES;
				INFOPLIST_FILE = CalculatorIOS/Info.plist;
				INFOPLIST_KEY_UIApplicationSupportsIndirectInputEvents = YES;
				INFOPLIST_KEY_UILaunchStoryboardName = LaunchScreen;
				INFOPLIST_KEY_UIMainStoryboardFile = Main;
				INFOPLIST_KEY_UISupportedInterfaceOrientations_iPad = "UIInterfaceOrientationPortrait UIInterfaceOrientationPortraitUpsideDown UIInterfaceOrientationLandscapeLeft UIInterfaceOrientationLandscapeRight";
				INFOPLIST_KEY_UISupportedInterfaceOrientations_iPhone = "UIInterfaceOrientationPortrait UIInterfaceOrientationLandscapeLeft UIInterfaceOrientationLandscapeRight";
				LD_RUNPATH_SEARCH_PATHS = (
					"$(inherited)",
					"@executable_path/Frameworks",
				);
				MARKETING_VERSION = 1.0;
				PRODUCT_BUNDLE_IDENTIFIER = Yerassyl.CalculatorIOS;
				PRODUCT_NAME = "$(TARGET_NAME)";
				SWIFT_EMIT_LOC_STRINGS = YES;
				SWIFT_VERSION = 5.0;
				TARGETED_DEVICE_FAMILY = "1,2";
			};
			name = Release;
		};
/* End XCBuildConfiguration section */

/* Begin XCConfigurationList section */
		877EA89527DE2A7100E17E03 /* Build configuration list for PBXProject "CalculatorIOS" */ = {
			isa = XCConfigurationList;
			buildConfigurations = (
				877EA8AC27DE2A7200E17E03 /* Debug */,
				877EA8AD27DE2A7200E17E03 /* Release */,
			);
			defaultConfigurationIsVisible = 0;
			defaultConfigurationName = Release;
		};
		877EA8AE27DE2A7200E17E03 /* Build configuration list for PBXNativeTarget "CalculatorIOS" */ = {
			isa = XCConfigurationList;
			buildConfigurations = (
				877EA8AF27DE2A7200E17E03 /* Debug */,
				877EA8B027DE2A7200E17E03 /* Release */,
			);
			defaultConfigurationIsVisible = 0;
			defaultConfigurationName = Release;
		};
/* End XCConfigurationList section */
	};
	rootObject = 877EA89227DE2A7100E17E03 /* Project object */;
}
